{
    "_readme": [
        "This file locks the dependencies of your project to a known state",
        "Read more about it at https://getcomposer.org/doc/01-basic-usage.md#composer-lock-the-lock-file",
        "This file is @generated automatically"
    ],
    "hash": "f27f82eaa098477be35dfea42f278bf8",
    "packages": [
        {
            "name": "laiz/laiz-monad",
            "version": "v0.2.0",
            "source": {
                "type": "git",
                "url": "https://github.com/nishimura/laiz-monad.git",
                "reference": "8c77d4da85658891e3b32f4a61a55bf3560b2fa3"
            },
            "dist": {
                "type": "zip",
                "url": "https://api.github.com/repos/nishimura/laiz-monad/zipball/8c77d4da85658891e3b32f4a61a55bf3560b2fa3",
                "reference": "8c77d4da85658891e3b32f4a61a55bf3560b2fa3",
                "shasum": ""
            },
            "require": {
                "php": ">=5.6.0"
            },
            "require-dev": {
                "phpunit/phpunit": "4.7.7"
            },
            "type": "library",
            "autoload": {
                "psr-0": {
                    "Laiz\\Func": "src/"
                },
                "files": [
                    "src/Laiz/Func/functions.php"
                ]
            },
            "notification-url": "https://packagist.org/downloads/",
            "license": [
                "MIT"
            ],
            "authors": [
                {
                    "name": "Satoshi Nishimura",
                    "email": "nishim314@gmail.com"
                }
            ],
            "description": "Monad Utility",
            "homepage": "https://github.com/nishimura/laiz-monad",
            "keywords": [
                "monad"
            ],
            "time": "2016-01-09 05:57:42"
        }
    ],
    "packages-dev": [],
    "aliases": [],
    "minimum-stability": "stable",
    "stability-flags": [],
    "prefer-stable": false,
    "prefer-lowest": false,
    "platform": {
        "php": ">=5.6.0"
    },
    "platform-dev": []
}
